
Microsoft Visual Studio Solution File, Format Version 12.00
# Visual Studio Version 17
VisualStudioVersion = 17.9.34728.123
MinimumVisualStudioVersion = 10.0.40219.1
Project("{FAE04EC0-301F-11D3-BF4B-00C04F79EFBC}") = "FOSCheezy", "FOSCheezy.csproj", "{1CA046E7-83E1-420A-969E-37B4935314DD}"
EndProject
Global
	GlobalSection(SolutionConfigurationPlatforms) = preSolution
		Debug|Any CPU = Debug|Any CPU
		Release|Any CPU = Release|Any CPU
	EndGlobalSection
	GlobalSection(ProjectConfigurationPlatforms) = postSolution
		{1CA046E7-83E1-420A-969E-37B4935314DD}.Debug|Any CPU.ActiveCfg = Debug|Any CPU
		{1CA046E7-83E1-420A-969E-37B4935314DD}.Debug|Any CPU.Build.0 = Debug|Any CPU
		{1CA046E7-83E1-420A-969E-37B4935314DD}.Release|Any CPU.ActiveCfg = Release|Any CPU
		{1CA046E7-83E1-420A-969E-37B4935314DD}.Release|Any CPU.Build.0 = Release|Any CPU
	EndGlobalSection
	GlobalSection(SolutionProperties) = preSolution
		HideSolutionNode = FALSE
	EndGlobalSection
	GlobalSection(ExtensibilityGlobals) = postSolution
		SolutionGuid = {0347E9E7-9844-452F-B9C4-0D63D20E9FB7}
	EndGlobalSection
EndGlobal
